
Microsoft Visual Studio Solution File, Format Version 12.00
# Visual Studio Version 16
VisualStudioVersion = 16.0.32929.386
MinimumVisualStudioVersion = 10.0.40219.1
Project("{FAE04EC0-301F-11D3-BF4B-00C04F79EFBC}") = "TutorialMoneyAdmin", "TutorialMoneyAdmin\TutorialMoneyAdmin.csproj", "{412C4C38-30B6-4FB0-BA0B-BF6F805079AF}"
EndProject
Project("{FAE04EC0-301F-11D3-BF4B-00C04F79EFBC}") = "TutorialMoneyAdmin.Tests", "TutorialMoneyAdmin.Tests\TutorialMoneyAdmin.Tests.csproj", "{43BC1F83-EC08-4F51-AFF9-2BA69633B8C6}"
EndProject
Project("{2150E333-8FDC-42A3-9474-1A3956D46DE8}") = "Solution Items", "Solution Items", "{3B36ABD9-1F60-44B0-AFBD-893DAEF6F294}"
	ProjectSection(SolutionItems) = preProject
		.editorconfig = .editorconfig
	EndProjectSection
EndProject
Project("{FAE04EC0-301F-11D3-BF4B-00C04F79EFBC}") = "TutorialMoneyAdminDataServices", "TutorialMoneyAdminDataServices\TutorialMoneyAdminDataServices.csproj", "{5B3A6D89-CB26-4340-89C1-99511432AE53}"
EndProject
Global
	GlobalSection(SolutionConfigurationPlatforms) = preSolution
		Debug|Any CPU = Debug|Any CPU
		Release|Any CPU = Release|Any CPU
	EndGlobalSection
	GlobalSection(ProjectConfigurationPlatforms) = postSolution
		{412C4C38-30B6-4FB0-BA0B-BF6F805079AF}.Debug|Any CPU.ActiveCfg = Debug|Any CPU
		{412C4C38-30B6-4FB0-BA0B-BF6F805079AF}.Debug|Any CPU.Build.0 = Debug|Any CPU
		{412C4C38-30B6-4FB0-BA0B-BF6F805079AF}.Release|Any CPU.ActiveCfg = Release|Any CPU
		{412C4C38-30B6-4FB0-BA0B-BF6F805079AF}.Release|Any CPU.Build.0 = Release|Any CPU
		{43BC1F83-EC08-4F51-AFF9-2BA69633B8C6}.Debug|Any CPU.ActiveCfg = Debug|Any CPU
		{43BC1F83-EC08-4F51-AFF9-2BA69633B8C6}.Debug|Any CPU.Build.0 = Debug|Any CPU
		{43BC1F83-EC08-4F51-AFF9-2BA69633B8C6}.Release|Any CPU.ActiveCfg = Release|Any CPU
		{43BC1F83-EC08-4F51-AFF9-2BA69633B8C6}.Release|Any CPU.Build.0 = Release|Any CPU
		{5B3A6D89-CB26-4340-89C1-99511432AE53}.Debug|Any CPU.ActiveCfg = Debug|Any CPU
		{5B3A6D89-CB26-4340-89C1-99511432AE53}.Debug|Any CPU.Build.0 = Debug|Any CPU
		{5B3A6D89-CB26-4340-89C1-99511432AE53}.Release|Any CPU.ActiveCfg = Release|Any CPU
		{5B3A6D89-CB26-4340-89C1-99511432AE53}.Release|Any CPU.Build.0 = Release|Any CPU
	EndGlobalSection
	GlobalSection(SolutionProperties) = preSolution
		HideSolutionNode = FALSE
	EndGlobalSection
	GlobalSection(ExtensibilityGlobals) = postSolution
		SolutionGuid = {67A65504-CBAD-485F-B96F-7DEC7E9C0D35}
	EndGlobalSection
EndGlobal
